
Microsoft Visual Studio Solution File, Format Version 12.00
# Visual Studio 15
VisualStudioVersion = 15.0.27130.2020
MinimumVisualStudioVersion = 10.0.40219.1
Project("{FAE04EC0-301F-11D3-BF4B-00C04F79EFBC}") = "AccountNumber.Console", "AccountNumber.Console\AccountNumber.Console.csproj", "{8C6DF5C4-E2D5-49B2-97EC-504E2618C060}"
EndProject
Project("{FAE04EC0-301F-11D3-BF4B-00C04F79EFBC}") = "SchoolApp.Console", "SchoolApp.Console\SchoolApp.Console\SchoolApp.Console.csproj", "{C548645F-AA39-46C7-95E4-D63BA8DA0B0F}"
EndProject
Global
	GlobalSection(SolutionConfigurationPlatforms) = preSolution
		Debug|Any CPU = Debug|Any CPU
		Release|Any CPU = Release|Any CPU
	EndGlobalSection
	GlobalSection(ProjectConfigurationPlatforms) = postSolution
		{8C6DF5C4-E2D5-49B2-97EC-504E2618C060}.Debug|Any CPU.ActiveCfg = Debug|Any CPU
		{8C6DF5C4-E2D5-49B2-97EC-504E2618C060}.Debug|Any CPU.Build.0 = Debug|Any CPU
		{8C6DF5C4-E2D5-49B2-97EC-504E2618C060}.Release|Any CPU.ActiveCfg = Release|Any CPU
		{8C6DF5C4-E2D5-49B2-97EC-504E2618C060}.Release|Any CPU.Build.0 = Release|Any CPU
		{C548645F-AA39-46C7-95E4-D63BA8DA0B0F}.Debug|Any CPU.ActiveCfg = Debug|Any CPU
		{C548645F-AA39-46C7-95E4-D63BA8DA0B0F}.Debug|Any CPU.Build.0 = Debug|Any CPU
		{C548645F-AA39-46C7-95E4-D63BA8DA0B0F}.Release|Any CPU.ActiveCfg = Release|Any CPU
		{C548645F-AA39-46C7-95E4-D63BA8DA0B0F}.Release|Any CPU.Build.0 = Release|Any CPU
	EndGlobalSection
	GlobalSection(SolutionProperties) = preSolution
		HideSolutionNode = FALSE
	EndGlobalSection
	GlobalSection(ExtensibilityGlobals) = postSolution
		SolutionGuid = {17511454-3DE2-4BFD-A688-EEAD8F108D8A}
	EndGlobalSection
EndGlobal
